
Microsoft Visual Studio Solution File, Format Version 12.00
# Visual Studio Version 17
VisualStudioVersion = 17.7.34018.315
MinimumVisualStudioVersion = 10.0.40219.1
Project("{FAE04EC0-301F-11D3-BF4B-00C04F79EFBC}") = "PipelineAPI", "PipelineAPI\PipelineAPI.csproj", "{F901E24E-1767-42AE-8FA7-68F39E9E930D}"
EndProject
Global
	GlobalSection(SolutionConfigurationPlatforms) = preSolution
		Debug|Any CPU = Debug|Any CPU
		Release|Any CPU = Release|Any CPU
	EndGlobalSection
	GlobalSection(ProjectConfigurationPlatforms) = postSolution
		{F901E24E-1767-42AE-8FA7-68F39E9E930D}.Debug|Any CPU.ActiveCfg = Debug|Any CPU
		{F901E24E-1767-42AE-8FA7-68F39E9E930D}.Debug|Any CPU.Build.0 = Debug|Any CPU
		{F901E24E-1767-42AE-8FA7-68F39E9E930D}.Release|Any CPU.ActiveCfg = Release|Any CPU
		{F901E24E-1767-42AE-8FA7-68F39E9E930D}.Release|Any CPU.Build.0 = Release|Any CPU
	EndGlobalSection
	GlobalSection(SolutionProperties) = preSolution
		HideSolutionNode = FALSE
	EndGlobalSection
	GlobalSection(ExtensibilityGlobals) = postSolution
		SolutionGuid = {013FDF67-8209-47B1-ABA1-2FD969615959}
	EndGlobalSection
EndGlobal
